{
  "object": {
    "pins": [
      {
        "package": "TimelaneCombine",
        "repositoryURL": "https://github.com/icanzilb/TimelaneCombine",
        "state": {
          "branch": null,
          "revision": "7366c0243860b8dbf265b5a5674e6c4797c44a8f",
          "version": "1.0.2"
        }
      },
      {
        "package": "TimelaneCore",
        "repositoryURL": "https://github.com/icanzilb/TimelaneCore",
        "state": {
          "branch": null,
          "revision": "25d8cd6ab596c038316c7b65bfd9c0f1c7160ecf",
          "version": "1.0.2"
        }
      }
    ]
  },
  "version": 1
}
