// !$*UTF8*$!
{
	archiveVersion = 1;
	classes = {
	};
	objectVersion = 52;
	objects = {

/* Begin PBXBuildFile section */
		AE15E78B241D00120002F696 /* Ship.swift in Sources */ = {isa = PBXBuildFile; fileRef = AE15E78A241D00120002F696 /* Ship.swift */; };
		AE15E78E241D02120002F696 /* tie-in-interceptor.json in Resources */ = {isa = PBXBuildFile; fileRef = AE15E78D241D02120002F696 /* tie-in-interceptor.json */; };
		AE1FBE562416608D005C54F5 /* TimelaneCombine in Frameworks */ = {isa = PBXBuildFile; productRef = AE1FBE552416608D005C54F5 /* TimelaneCombine */; };
		AE1FBE5924166443005C54F5 /* DialView.swift in Sources */ = {isa = PBXBuildFile; fileRef = AE1FBE5824166443005C54F5 /* DialView.swift */; };
		AE1FBE5C24166623005C54F5 /* Maneuver.swift in Sources */ = {isa = PBXBuildFile; fileRef = AE1FBE5B24166623005C54F5 /* Maneuver.swift */; };
		AE1FBE5E24166675005C54F5 /* Extensions.swift in Sources */ = {isa = PBXBuildFile; fileRef = AE1FBE5D24166675005C54F5 /* Extensions.swift */; };
		AE1FBE6024166798005C54F5 /* Rotated.swift in Sources */ = {isa = PBXBuildFile; fileRef = AE1FBE5F24166798005C54F5 /* Rotated.swift */; };
		AE1FBE6224166830005C54F5 /* PathNode.swift in Sources */ = {isa = PBXBuildFile; fileRef = AE1FBE6124166830005C54F5 /* PathNode.swift */; };
		AE1FBE64241668A2005C54F5 /* ManeuverDialSelection.swift in Sources */ = {isa = PBXBuildFile; fileRef = AE1FBE63241668A2005C54F5 /* ManeuverDialSelection.swift */; };
		AE1FBE66241668CF005C54F5 /* AngleRange.swift in Sources */ = {isa = PBXBuildFile; fileRef = AE1FBE65241668CF005C54F5 /* AngleRange.swift */; };
		AE2C0EC9243CA52A00042318 /* pilots in Resources */ = {isa = PBXBuildFile; fileRef = AE2C0EC8243CA52A00042318 /* pilots */; };
		AE2C0F0A24408AE400042318 /* upgrades in Resources */ = {isa = PBXBuildFile; fileRef = AE2C0F0924408AE400042318 /* upgrades */; };
		AE2D80EC24277F0100248CA4 /* squad.json in Resources */ = {isa = PBXBuildFile; fileRef = AE2D80EB24277F0100248CA4 /* squad.json */; };
		AE2D80EE242780FC00248CA4 /* squad.swift in Sources */ = {isa = PBXBuildFile; fileRef = AE2D80ED242780FC00248CA4 /* squad.swift */; };
		AE2D80F0242784D400248CA4 /* SquadView.swift in Sources */ = {isa = PBXBuildFile; fileRef = AE2D80EF242784D400248CA4 /* SquadView.swift */; };
		AE2D80F224278B8400248CA4 /* test.txt in Resources */ = {isa = PBXBuildFile; fileRef = AE2D80F124278B8400248CA4 /* test.txt */; };
		AE2D80F42428C74700248CA4 /* Theme.swift in Sources */ = {isa = PBXBuildFile; fileRef = AE2D80F32428C74700248CA4 /* Theme.swift */; };
		AE2D80F62428D3E800248CA4 /* NavigationStack.swift in Sources */ = {isa = PBXBuildFile; fileRef = AE2D80F52428D3E800248CA4 /* NavigationStack.swift */; };
		AE2D80F8242B76AF00248CA4 /* ShipView.swift in Sources */ = {isa = PBXBuildFile; fileRef = AE2D80F7242B76AF00248CA4 /* ShipView.swift */; };
		AE3539542430C64700AC023A /* WedgeView.swift in Sources */ = {isa = PBXBuildFile; fileRef = AE3539532430C64700AC023A /* WedgeView.swift */; };
		AE4A3EEC2442E4DC00C10C0F /* FeaturesManager.swift in Sources */ = {isa = PBXBuildFile; fileRef = AE4A3EEB2442E4DC00C10C0F /* FeaturesManager.swift */; };
		AE4D58C323F8087C00C66136 /* AppDelegate.swift in Sources */ = {isa = PBXBuildFile; fileRef = AE4D58C223F8087C00C66136 /* AppDelegate.swift */; };
		AE4D58C523F8087C00C66136 /* SceneDelegate.swift in Sources */ = {isa = PBXBuildFile; fileRef = AE4D58C423F8087C00C66136 /* SceneDelegate.swift */; };
		AE4D58C823F8087C00C66136 /* DialControl.xcdatamodeld in Sources */ = {isa = PBXBuildFile; fileRef = AE4D58C623F8087C00C66136 /* DialControl.xcdatamodeld */; };
		AE4D58CA23F8087C00C66136 /* ContentView.swift in Sources */ = {isa = PBXBuildFile; fileRef = AE4D58C923F8087C00C66136 /* ContentView.swift */; };
		AE4D58CC23F8087D00C66136 /* Assets.xcassets in Resources */ = {isa = PBXBuildFile; fileRef = AE4D58CB23F8087D00C66136 /* Assets.xcassets */; };
		AE4D58CF23F8087D00C66136 /* Preview Assets.xcassets in Resources */ = {isa = PBXBuildFile; fileRef = AE4D58CE23F8087D00C66136 /* Preview Assets.xcassets */; };
		AE4D58D223F8087D00C66136 /* LaunchScreen.storyboard in Resources */ = {isa = PBXBuildFile; fileRef = AE4D58D023F8087D00C66136 /* LaunchScreen.storyboard */; };
		AE4D58DD23F8087E00C66136 /* DialControlTests.swift in Sources */ = {isa = PBXBuildFile; fileRef = AE4D58DC23F8087E00C66136 /* DialControlTests.swift */; };
		AE4D58E823F8087E00C66136 /* DialControlUITests.swift in Sources */ = {isa = PBXBuildFile; fileRef = AE4D58E723F8087E00C66136 /* DialControlUITests.swift */; };
		AE4D58F623F961D200C66136 /* Test.swift in Sources */ = {isa = PBXBuildFile; fileRef = AE4D58F523F961D200C66136 /* Test.swift */; };
		AE4E08DE243B547800E7899A /* LinkedView.swift in Sources */ = {isa = PBXBuildFile; fileRef = AE4E08DD243B547800E7899A /* LinkedView.swift */; };
		AEAD19F62404F48B0020FABC /* kimberley bl.ttf in Resources */ = {isa = PBXBuildFile; fileRef = AEAD19F42404F48B0020FABC /* kimberley bl.ttf */; };
		AEAD19F72404F48B0020FABC /* xwing-miniatures_SK9.ttf in Resources */ = {isa = PBXBuildFile; fileRef = AEAD19F52404F48B0020FABC /* xwing-miniatures_SK9.ttf */; };
		AEAD19F924085E0A0020FABC /* TestView.swift in Sources */ = {isa = PBXBuildFile; fileRef = AEAD19F824085E0A0020FABC /* TestView.swift */; };
		AEBA6361241B58D9008B00DB /* UpArrow.swift in Sources */ = {isa = PBXBuildFile; fileRef = AEBA6360241B58D9008B00DB /* UpArrow.swift */; };
		AEF3B4622439B83100A49717 /* SelectionIndicator.swift in Sources */ = {isa = PBXBuildFile; fileRef = AEF3B4612439B83100A49717 /* SelectionIndicator.swift */; };
		AEF3B4642439B9B200A49717 /* InnerCircle.swift in Sources */ = {isa = PBXBuildFile; fileRef = AEF3B4632439B9B200A49717 /* InnerCircle.swift */; };
/* End PBXBuildFile section */

/* Begin PBXContainerItemProxy section */
		AE4D58D923F8087E00C66136 /* PBXContainerItemProxy */ = {
			isa = PBXContainerItemProxy;
			containerPortal = AE4D58B723F8087B00C66136 /* Project object */;
			proxyType = 1;
			remoteGlobalIDString = AE4D58BE23F8087C00C66136;
			remoteInfo = DialControl;
		};
		AE4D58E423F8087E00C66136 /* PBXContainerItemProxy */ = {
			isa = PBXContainerItemProxy;
			containerPortal = AE4D58B723F8087B00C66136 /* Project object */;
			proxyType = 1;
			remoteGlobalIDString = AE4D58BE23F8087C00C66136;
			remoteInfo = DialControl;
		};
/* End PBXContainerItemProxy section */

/* Begin PBXFileReference section */
		AE15E78A241D00120002F696 /* Ship.swift */ = {isa = PBXFileReference; lastKnownFileType = sourcecode.swift; path = Ship.swift; sourceTree = "<group>"; };
		AE15E78D241D02120002F696 /* tie-in-interceptor.json */ = {isa = PBXFileReference; lastKnownFileType = text.json; path = "tie-in-interceptor.json"; sourceTree = "<group>"; };
		AE1FBE5824166443005C54F5 /* DialView.swift */ = {isa = PBXFileReference; lastKnownFileType = sourcecode.swift; path = DialView.swift; sourceTree = "<group>"; };
		AE1FBE5B24166623005C54F5 /* Maneuver.swift */ = {isa = PBXFileReference; lastKnownFileType = sourcecode.swift; path = Maneuver.swift; sourceTree = "<group>"; };
		AE1FBE5D24166675005C54F5 /* Extensions.swift */ = {isa = PBXFileReference; lastKnownFileType = sourcecode.swift; path = Extensions.swift; sourceTree = "<group>"; };
		AE1FBE5F24166798005C54F5 /* Rotated.swift */ = {isa = PBXFileReference; lastKnownFileType = sourcecode.swift; path = Rotated.swift; sourceTree = "<group>"; };
		AE1FBE6124166830005C54F5 /* PathNode.swift */ = {isa = PBXFileReference; lastKnownFileType = sourcecode.swift; path = PathNode.swift; sourceTree = "<group>"; };
		AE1FBE63241668A2005C54F5 /* ManeuverDialSelection.swift */ = {isa = PBXFileReference; lastKnownFileType = sourcecode.swift; path = ManeuverDialSelection.swift; sourceTree = "<group>"; };
		AE1FBE65241668CF005C54F5 /* AngleRange.swift */ = {isa = PBXFileReference; lastKnownFileType = sourcecode.swift; path = AngleRange.swift; sourceTree = "<group>"; };
		AE2C0EC8243CA52A00042318 /* pilots */ = {isa = PBXFileReference; lastKnownFileType = folder; path = pilots; sourceTree = "<group>"; };
		AE2C0F0924408AE400042318 /* upgrades */ = {isa = PBXFileReference; lastKnownFileType = folder; path = upgrades; sourceTree = "<group>"; };
		AE2D80EB24277F0100248CA4 /* squad.json */ = {isa = PBXFileReference; lastKnownFileType = text.json; path = squad.json; sourceTree = "<group>"; };
		AE2D80ED242780FC00248CA4 /* squad.swift */ = {isa = PBXFileReference; lastKnownFileType = sourcecode.swift; path = squad.swift; sourceTree = "<group>"; };
		AE2D80EF242784D400248CA4 /* SquadView.swift */ = {isa = PBXFileReference; lastKnownFileType = sourcecode.swift; path = SquadView.swift; sourceTree = "<group>"; };
		AE2D80F124278B8400248CA4 /* test.txt */ = {isa = PBXFileReference; lastKnownFileType = text; path = test.txt; sourceTree = "<group>"; };
		AE2D80F32428C74700248CA4 /* Theme.swift */ = {isa = PBXFileReference; lastKnownFileType = sourcecode.swift; path = Theme.swift; sourceTree = "<group>"; };
		AE2D80F52428D3E800248CA4 /* NavigationStack.swift */ = {isa = PBXFileReference; lastKnownFileType = sourcecode.swift; path = NavigationStack.swift; sourceTree = "<group>"; };
		AE2D80F7242B76AF00248CA4 /* ShipView.swift */ = {isa = PBXFileReference; lastKnownFileType = sourcecode.swift; path = ShipView.swift; sourceTree = "<group>"; };
		AE3539532430C64700AC023A /* WedgeView.swift */ = {isa = PBXFileReference; lastKnownFileType = sourcecode.swift; path = WedgeView.swift; sourceTree = "<group>"; };
		AE4A3EEB2442E4DC00C10C0F /* FeaturesManager.swift */ = {isa = PBXFileReference; lastKnownFileType = sourcecode.swift; path = FeaturesManager.swift; sourceTree = "<group>"; };
		AE4D58BF23F8087C00C66136 /* DialControl.app */ = {isa = PBXFileReference; explicitFileType = wrapper.application; includeInIndex = 0; path = DialControl.app; sourceTree = BUILT_PRODUCTS_DIR; };
		AE4D58C223F8087C00C66136 /* AppDelegate.swift */ = {isa = PBXFileReference; lastKnownFileType = sourcecode.swift; path = AppDelegate.swift; sourceTree = "<group>"; };
		AE4D58C423F8087C00C66136 /* SceneDelegate.swift */ = {isa = PBXFileReference; lastKnownFileType = sourcecode.swift; path = SceneDelegate.swift; sourceTree = "<group>"; };
		AE4D58C723F8087C00C66136 /* DialControl.xcdatamodel */ = {isa = PBXFileReference; lastKnownFileType = wrapper.xcdatamodel; path = DialControl.xcdatamodel; sourceTree = "<group>"; };
		AE4D58C923F8087C00C66136 /* ContentView.swift */ = {isa = PBXFileReference; lastKnownFileType = sourcecode.swift; path = ContentView.swift; sourceTree = "<group>"; };
		AE4D58CB23F8087D00C66136 /* Assets.xcassets */ = {isa = PBXFileReference; lastKnownFileType = folder.assetcatalog; path = Assets.xcassets; sourceTree = "<group>"; };
		AE4D58CE23F8087D00C66136 /* Preview Assets.xcassets */ = {isa = PBXFileReference; lastKnownFileType = folder.assetcatalog; path = "Preview Assets.xcassets"; sourceTree = "<group>"; };
		AE4D58D123F8087D00C66136 /* Base */ = {isa = PBXFileReference; lastKnownFileType = file.storyboard; name = Base; path = Base.lproj/LaunchScreen.storyboard; sourceTree = "<group>"; };
		AE4D58D323F8087D00C66136 /* Info.plist */ = {isa = PBXFileReference; lastKnownFileType = text.plist.xml; path = Info.plist; sourceTree = "<group>"; };
		AE4D58D823F8087E00C66136 /* DialControlTests.xctest */ = {isa = PBXFileReference; explicitFileType = wrapper.cfbundle; includeInIndex = 0; path = DialControlTests.xctest; sourceTree = BUILT_PRODUCTS_DIR; };
		AE4D58DC23F8087E00C66136 /* DialControlTests.swift */ = {isa = PBXFileReference; lastKnownFileType = sourcecode.swift; path = DialControlTests.swift; sourceTree = "<group>"; };
		AE4D58DE23F8087E00C66136 /* Info.plist */ = {isa = PBXFileReference; lastKnownFileType = text.plist.xml; path = Info.plist; sourceTree = "<group>"; };
		AE4D58E323F8087E00C66136 /* DialControlUITests.xctest */ = {isa = PBXFileReference; explicitFileType = wrapper.cfbundle; includeInIndex = 0; path = DialControlUITests.xctest; sourceTree = BUILT_PRODUCTS_DIR; };
		AE4D58E723F8087E00C66136 /* DialControlUITests.swift */ = {isa = PBXFileReference; lastKnownFileType = sourcecode.swift; path = DialControlUITests.swift; sourceTree = "<group>"; };
		AE4D58E923F8087E00C66136 /* Info.plist */ = {isa = PBXFileReference; lastKnownFileType = text.plist.xml; path = Info.plist; sourceTree = "<group>"; };
		AE4D58F523F961D200C66136 /* Test.swift */ = {isa = PBXFileReference; lastKnownFileType = sourcecode.swift; path = Test.swift; sourceTree = "<group>"; };
		AE4E08DD243B547800E7899A /* LinkedView.swift */ = {isa = PBXFileReference; lastKnownFileType = sourcecode.swift; path = LinkedView.swift; sourceTree = "<group>"; };
		AEAD19F42404F48B0020FABC /* kimberley bl.ttf */ = {isa = PBXFileReference; lastKnownFileType = file; path = "kimberley bl.ttf"; sourceTree = "<group>"; };
		AEAD19F52404F48B0020FABC /* xwing-miniatures_SK9.ttf */ = {isa = PBXFileReference; lastKnownFileType = file; path = "xwing-miniatures_SK9.ttf"; sourceTree = "<group>"; };
		AEAD19F824085E0A0020FABC /* TestView.swift */ = {isa = PBXFileReference; lastKnownFileType = sourcecode.swift; path = TestView.swift; sourceTree = "<group>"; };
		AEBA6360241B58D9008B00DB /* UpArrow.swift */ = {isa = PBXFileReference; lastKnownFileType = sourcecode.swift; path = UpArrow.swift; sourceTree = "<group>"; };
		AEF3B4612439B83100A49717 /* SelectionIndicator.swift */ = {isa = PBXFileReference; lastKnownFileType = sourcecode.swift; path = SelectionIndicator.swift; sourceTree = "<group>"; };
		AEF3B4632439B9B200A49717 /* InnerCircle.swift */ = {isa = PBXFileReference; lastKnownFileType = sourcecode.swift; path = InnerCircle.swift; sourceTree = "<group>"; };
/* End PBXFileReference section */

/* Begin PBXFrameworksBuildPhase section */
		AE4D58BC23F8087C00C66136 /* Frameworks */ = {
			isa = PBXFrameworksBuildPhase;
			buildActionMask = 2147483647;
			files = (
				AE1FBE562416608D005C54F5 /* TimelaneCombine in Frameworks */,
			);
			runOnlyForDeploymentPostprocessing = 0;
		};
		AE4D58D523F8087E00C66136 /* Frameworks */ = {
			isa = PBXFrameworksBuildPhase;
			buildActionMask = 2147483647;
			files = (
			);
			runOnlyForDeploymentPostprocessing = 0;
		};
		AE4D58E023F8087E00C66136 /* Frameworks */ = {
			isa = PBXFrameworksBuildPhase;
			buildActionMask = 2147483647;
			files = (
			);
			runOnlyForDeploymentPostprocessing = 0;
		};
/* End PBXFrameworksBuildPhase section */

/* Begin PBXGroup section */
		AE15E78C241D01A20002F696 /* Data */ = {
			isa = PBXGroup;
			children = (
				AE2C0F0924408AE400042318 /* upgrades */,
				AE2C0EC8243CA52A00042318 /* pilots */,
				AE15E78D241D02120002F696 /* tie-in-interceptor.json */,
				AE2D80EB24277F0100248CA4 /* squad.json */,
			);
			path = Data;
			sourceTree = "<group>";
		};
		AE1FBE5724166422005C54F5 /* Views */ = {
			isa = PBXGroup;
			children = (
				AE1FBE5824166443005C54F5 /* DialView.swift */,
				AE1FBE5F24166798005C54F5 /* Rotated.swift */,
				AE1FBE63241668A2005C54F5 /* ManeuverDialSelection.swift */,
				AEBA6360241B58D9008B00DB /* UpArrow.swift */,
				AE2D80EF242784D400248CA4 /* SquadView.swift */,
				AE2D80F52428D3E800248CA4 /* NavigationStack.swift */,
				AE2D80F7242B76AF00248CA4 /* ShipView.swift */,
				AEF3B4612439B83100A49717 /* SelectionIndicator.swift */,
				AEF3B4632439B9B200A49717 /* InnerCircle.swift */,
				AE4E08DD243B547800E7899A /* LinkedView.swift */,
			);
			path = Views;
			sourceTree = "<group>";
		};
		AE1FBE5A2416657D005C54F5 /* Models */ = {
			isa = PBXGroup;
			children = (
				AE1FBE5B24166623005C54F5 /* Maneuver.swift */,
				AE1FBE6124166830005C54F5 /* PathNode.swift */,
				AE1FBE65241668CF005C54F5 /* AngleRange.swift */,
				AE15E78A241D00120002F696 /* Ship.swift */,
				AE2D80ED242780FC00248CA4 /* squad.swift */,
			);
			path = Models;
			sourceTree = "<group>";
		};
		AE4D58B623F8087B00C66136 = {
			isa = PBXGroup;
			children = (
				AE3539532430C64700AC023A /* WedgeView.swift */,
				AE2D80F124278B8400248CA4 /* test.txt */,
				AE4D58F523F961D200C66136 /* Test.swift */,
				AE4D58C123F8087C00C66136 /* DialControl */,
				AE4D58DB23F8087E00C66136 /* DialControlTests */,
				AE4D58E623F8087E00C66136 /* DialControlUITests */,
				AE4D58C023F8087C00C66136 /* Products */,
			);
			sourceTree = "<group>";
		};
		AE4D58C023F8087C00C66136 /* Products */ = {
			isa = PBXGroup;
			children = (
				AE4D58BF23F8087C00C66136 /* DialControl.app */,
				AE4D58D823F8087E00C66136 /* DialControlTests.xctest */,
				AE4D58E323F8087E00C66136 /* DialControlUITests.xctest */,
			);
			name = Products;
			sourceTree = "<group>";
		};
		AE4D58C123F8087C00C66136 /* DialControl */ = {
			isa = PBXGroup;
			children = (
				AE15E78C241D01A20002F696 /* Data */,
				AE1FBE5A2416657D005C54F5 /* Models */,
				AE1FBE5724166422005C54F5 /* Views */,
				AEAD19F32404F32C0020FABC /* Fonts */,
				AE4D58C223F8087C00C66136 /* AppDelegate.swift */,
				AE4D58C423F8087C00C66136 /* SceneDelegate.swift */,
				AE4D58C923F8087C00C66136 /* ContentView.swift */,
				AE4D58CB23F8087D00C66136 /* Assets.xcassets */,
				AE4D58D023F8087D00C66136 /* LaunchScreen.storyboard */,
				AE4D58D323F8087D00C66136 /* Info.plist */,
				AE4D58C623F8087C00C66136 /* DialControl.xcdatamodeld */,
				AE4D58CD23F8087D00C66136 /* Preview Content */,
				AEAD19F824085E0A0020FABC /* TestView.swift */,
				AE1FBE5D24166675005C54F5 /* Extensions.swift */,
				AE2D80F32428C74700248CA4 /* Theme.swift */,
				AE4A3EEB2442E4DC00C10C0F /* FeaturesManager.swift */,
			);
			path = DialControl;
			sourceTree = "<group>";
		};
		AE4D58CD23F8087D00C66136 /* Preview Content */ = {
			isa = PBXGroup;
			children = (
				AE4D58CE23F8087D00C66136 /* Preview Assets.xcassets */,
			);
			path = "Preview Content";
			sourceTree = "<group>";
		};
		AE4D58DB23F8087E00C66136 /* DialControlTests */ = {
			isa = PBXGroup;
			children = (
				AE4D58DC23F8087E00C66136 /* DialControlTests.swift */,
				AE4D58DE23F8087E00C66136 /* Info.plist */,
			);
			path = DialControlTests;
			sourceTree = "<group>";
		};
		AE4D58E623F8087E00C66136 /* DialControlUITests */ = {
			isa = PBXGroup;
			children = (
				AE4D58E723F8087E00C66136 /* DialControlUITests.swift */,
				AE4D58E923F8087E00C66136 /* Info.plist */,
			);
			path = DialControlUITests;
			sourceTree = "<group>";
		};
		AEAD19F32404F32C0020FABC /* Fonts */ = {
			isa = PBXGroup;
			children = (
				AEAD19F42404F48B0020FABC /* kimberley bl.ttf */,
				AEAD19F52404F48B0020FABC /* xwing-miniatures_SK9.ttf */,
			);
			path = Fonts;
			sourceTree = "<group>";
		};
/* End PBXGroup section */

/* Begin PBXNativeTarget section */
		AE4D58BE23F8087C00C66136 /* DialControl */ = {
			isa = PBXNativeTarget;
			buildConfigurationList = AE4D58EC23F8087E00C66136 /* Build configuration list for PBXNativeTarget "DialControl" */;
			buildPhases = (
				AE4D58BB23F8087C00C66136 /* Sources */,
				AE4D58BC23F8087C00C66136 /* Frameworks */,
				AE4D58BD23F8087C00C66136 /* Resources */,
			);
			buildRules = (
			);
			dependencies = (
			);
			name = DialControl;
			packageProductDependencies = (
				AE1FBE552416608D005C54F5 /* TimelaneCombine */,
			);
			productName = DialControl;
			productReference = AE4D58BF23F8087C00C66136 /* DialControl.app */;
			productType = "com.apple.product-type.application";
		};
		AE4D58D723F8087E00C66136 /* DialControlTests */ = {
			isa = PBXNativeTarget;
			buildConfigurationList = AE4D58EF23F8087E00C66136 /* Build configuration list for PBXNativeTarget "DialControlTests" */;
			buildPhases = (
				AE4D58D423F8087E00C66136 /* Sources */,
				AE4D58D523F8087E00C66136 /* Frameworks */,
				AE4D58D623F8087E00C66136 /* Resources */,
			);
			buildRules = (
			);
			dependencies = (
				AE4D58DA23F8087E00C66136 /* PBXTargetDependency */,
			);
			name = DialControlTests;
			productName = DialControlTests;
			productReference = AE4D58D823F8087E00C66136 /* DialControlTests.xctest */;
			productType = "com.apple.product-type.bundle.unit-test";
		};
		AE4D58E223F8087E00C66136 /* DialControlUITests */ = {
			isa = PBXNativeTarget;
			buildConfigurationList = AE4D58F223F8087E00C66136 /* Build configuration list for PBXNativeTarget "DialControlUITests" */;
			buildPhases = (
				AE4D58DF23F8087E00C66136 /* Sources */,
				AE4D58E023F8087E00C66136 /* Frameworks */,
				AE4D58E123F8087E00C66136 /* Resources */,
			);
			buildRules = (
			);
			dependencies = (
				AE4D58E523F8087E00C66136 /* PBXTargetDependency */,
			);
			name = DialControlUITests;
			productName = DialControlUITests;
			productReference = AE4D58E323F8087E00C66136 /* DialControlUITests.xctest */;
			productType = "com.apple.product-type.bundle.ui-testing";
		};
/* End PBXNativeTarget section */

/* Begin PBXProject section */
		AE4D58B723F8087B00C66136 /* Project object */ = {
			isa = PBXProject;
			attributes = {
				LastSwiftUpdateCheck = 1130;
				LastUpgradeCheck = 1130;
				ORGANIZATIONNAME = SoftDesk;
				TargetAttributes = {
					AE4D58BE23F8087C00C66136 = {
						CreatedOnToolsVersion = 11.3;
					};
					AE4D58D723F8087E00C66136 = {
						CreatedOnToolsVersion = 11.3;
						TestTargetID = AE4D58BE23F8087C00C66136;
					};
					AE4D58E223F8087E00C66136 = {
						CreatedOnToolsVersion = 11.3;
						TestTargetID = AE4D58BE23F8087C00C66136;
					};
				};
			};
			buildConfigurationList = AE4D58BA23F8087B00C66136 /* Build configuration list for PBXProject "DialControl" */;
			compatibilityVersion = "Xcode 9.3";
			developmentRegion = en;
			hasScannedForEncodings = 0;
			knownRegions = (
				en,
				Base,
			);
			mainGroup = AE4D58B623F8087B00C66136;
			packageReferences = (
				AE1FBE542416608D005C54F5 /* XCRemoteSwiftPackageReference "TimelaneCombine" */,
			);
			productRefGroup = AE4D58C023F8087C00C66136 /* Products */;
			projectDirPath = "";
			projectRoot = "";
			targets = (
				AE4D58BE23F8087C00C66136 /* DialControl */,
				AE4D58D723F8087E00C66136 /* DialControlTests */,
				AE4D58E223F8087E00C66136 /* DialControlUITests */,
			);
		};
/* End PBXProject section */

/* Begin PBXResourcesBuildPhase section */
		AE4D58BD23F8087C00C66136 /* Resources */ = {
			isa = PBXResourcesBuildPhase;
			buildActionMask = 2147483647;
			files = (
				AEAD19F72404F48B0020FABC /* xwing-miniatures_SK9.ttf in Resources */,
				AE15E78E241D02120002F696 /* tie-in-interceptor.json in Resources */,
				AE2C0EC9243CA52A00042318 /* pilots in Resources */,
				AE4D58D223F8087D00C66136 /* LaunchScreen.storyboard in Resources */,
				AE4D58CF23F8087D00C66136 /* Preview Assets.xcassets in Resources */,
				AEAD19F62404F48B0020FABC /* kimberley bl.ttf in Resources */,
				AE4D58CC23F8087D00C66136 /* Assets.xcassets in Resources */,
				AE2D80F224278B8400248CA4 /* test.txt in Resources */,
				AE2D80EC24277F0100248CA4 /* squad.json in Resources */,
				AE2C0F0A24408AE400042318 /* upgrades in Resources */,
			);
			runOnlyForDeploymentPostprocessing = 0;
		};
		AE4D58D623F8087E00C66136 /* Resources */ = {
			isa = PBXResourcesBuildPhase;
			buildActionMask = 2147483647;
			files = (
			);
			runOnlyForDeploymentPostprocessing = 0;
		};
		AE4D58E123F8087E00C66136 /* Resources */ = {
			isa = PBXResourcesBuildPhase;
			buildActionMask = 2147483647;
			files = (
			);
			runOnlyForDeploymentPostprocessing = 0;
		};
/* End PBXResourcesBuildPhase section */

/* Begin PBXSourcesBuildPhase section */
		AE4D58BB23F8087C00C66136 /* Sources */ = {
			isa = PBXSourcesBuildPhase;
			buildActionMask = 2147483647;
			files = (
				AEAD19F924085E0A0020FABC /* TestView.swift in Sources */,
				AE2D80F0242784D400248CA4 /* SquadView.swift in Sources */,
				AE4A3EEC2442E4DC00C10C0F /* FeaturesManager.swift in Sources */,
				AE1FBE64241668A2005C54F5 /* ManeuverDialSelection.swift in Sources */,
				AEBA6361241B58D9008B00DB /* UpArrow.swift in Sources */,
				AE1FBE6224166830005C54F5 /* PathNode.swift in Sources */,
				AE4E08DE243B547800E7899A /* LinkedView.swift in Sources */,
				AE2D80EE242780FC00248CA4 /* squad.swift in Sources */,
				AE2D80F62428D3E800248CA4 /* NavigationStack.swift in Sources */,
				AE15E78B241D00120002F696 /* Ship.swift in Sources */,
				AEF3B4622439B83100A49717 /* SelectionIndicator.swift in Sources */,
				AE1FBE5E24166675005C54F5 /* Extensions.swift in Sources */,
				AE4D58C323F8087C00C66136 /* AppDelegate.swift in Sources */,
				AE3539542430C64700AC023A /* WedgeView.swift in Sources */,
				AE2D80F42428C74700248CA4 /* Theme.swift in Sources */,
				AE4D58C823F8087C00C66136 /* DialControl.xcdatamodeld in Sources */,
				AE2D80F8242B76AF00248CA4 /* ShipView.swift in Sources */,
				AE4D58F623F961D200C66136 /* Test.swift in Sources */,
				AE1FBE5C24166623005C54F5 /* Maneuver.swift in Sources */,
				AEF3B4642439B9B200A49717 /* InnerCircle.swift in Sources */,
				AE4D58CA23F8087C00C66136 /* ContentView.swift in Sources */,
				AE4D58C523F8087C00C66136 /* SceneDelegate.swift in Sources */,
				AE1FBE5924166443005C54F5 /* DialView.swift in Sources */,
				AE1FBE6024166798005C54F5 /* Rotated.swift in Sources */,
				AE1FBE66241668CF005C54F5 /* AngleRange.swift in Sources */,
			);
			runOnlyForDeploymentPostprocessing = 0;
		};
		AE4D58D423F8087E00C66136 /* Sources */ = {
			isa = PBXSourcesBuildPhase;
			buildActionMask = 2147483647;
			files = (
				AE4D58DD23F8087E00C66136 /* DialControlTests.swift in Sources */,
			);
			runOnlyForDeploymentPostprocessing = 0;
		};
		AE4D58DF23F8087E00C66136 /* Sources */ = {
			isa = PBXSourcesBuildPhase;
			buildActionMask = 2147483647;
			files = (
				AE4D58E823F8087E00C66136 /* DialControlUITests.swift in Sources */,
			);
			runOnlyForDeploymentPostprocessing = 0;
		};
/* End PBXSourcesBuildPhase section */

/* Begin PBXTargetDependency section */
		AE4D58DA23F8087E00C66136 /* PBXTargetDependency */ = {
			isa = PBXTargetDependency;
			target = AE4D58BE23F8087C00C66136 /* DialControl */;
			targetProxy = AE4D58D923F8087E00C66136 /* PBXContainerItemProxy */;
		};
		AE4D58E523F8087E00C66136 /* PBXTargetDependency */ = {
			isa = PBXTargetDependency;
			target = AE4D58BE23F8087C00C66136 /* DialControl */;
			targetProxy = AE4D58E423F8087E00C66136 /* PBXContainerItemProxy */;
		};
/* End PBXTargetDependency section */

/* Begin PBXVariantGroup section */
		AE4D58D023F8087D00C66136 /* LaunchScreen.storyboard */ = {
			isa = PBXVariantGroup;
			children = (
				AE4D58D123F8087D00C66136 /* Base */,
			);
			name = LaunchScreen.storyboard;
			sourceTree = "<group>";
		};
/* End PBXVariantGroup section */

/* Begin XCBuildConfiguration section */
		AE4D58EA23F8087E00C66136 /* Debug */ = {
			isa = XCBuildConfiguration;
			buildSettings = {
				ALWAYS_SEARCH_USER_PATHS = NO;
				CLANG_ANALYZER_NONNULL = YES;
				CLANG_ANALYZER_NUMBER_OBJECT_CONVERSION = YES_AGGRESSIVE;
				CLANG_CXX_LANGUAGE_STANDARD = "gnu++14";
				CLANG_CXX_LIBRARY = "libc++";
				CLANG_ENABLE_MODULES = YES;
				CLANG_ENABLE_OBJC_ARC = YES;
				CLANG_ENABLE_OBJC_WEAK = YES;
				CLANG_WARN_BLOCK_CAPTURE_AUTORELEASING = YES;
				CLANG_WARN_BOOL_CONVERSION = YES;
				CLANG_WARN_COMMA = YES;
				CLANG_WARN_CONSTANT_CONVERSION = YES;
				CLANG_WARN_DEPRECATED_OBJC_IMPLEMENTATIONS = YES;
				CLANG_WARN_DIRECT_OBJC_ISA_USAGE = YES_ERROR;
				CLANG_WARN_DOCUMENTATION_COMMENTS = YES;
				CLANG_WARN_EMPTY_BODY = YES;
				CLANG_WARN_ENUM_CONVERSION = YES;
				CLANG_WARN_INFINITE_RECURSION = YES;
				CLANG_WARN_INT_CONVERSION = YES;
				CLANG_WARN_NON_LITERAL_NULL_CONVERSION = YES;
				CLANG_WARN_OBJC_IMPLICIT_RETAIN_SELF = YES;
				CLANG_WARN_OBJC_LITERAL_CONVERSION = YES;
				CLANG_WARN_OBJC_ROOT_CLASS = YES_ERROR;
				CLANG_WARN_RANGE_LOOP_ANALYSIS = YES;
				CLANG_WARN_STRICT_PROTOTYPES = YES;
				CLANG_WARN_SUSPICIOUS_MOVE = YES;
				CLANG_WARN_UNGUARDED_AVAILABILITY = YES_AGGRESSIVE;
				CLANG_WARN_UNREACHABLE_CODE = YES;
				CLANG_WARN__DUPLICATE_METHOD_MATCH = YES;
				COPY_PHASE_STRIP = NO;
				DEBUG_INFORMATION_FORMAT = dwarf;
				ENABLE_STRICT_OBJC_MSGSEND = YES;
				ENABLE_TESTABILITY = YES;
				GCC_C_LANGUAGE_STANDARD = gnu11;
				GCC_DYNAMIC_NO_PIC = NO;
				GCC_NO_COMMON_BLOCKS = YES;
				GCC_OPTIMIZATION_LEVEL = 0;
				GCC_PREPROCESSOR_DEFINITIONS = (
					"DEBUG=1",
					"$(inherited)",
				);
				GCC_WARN_64_TO_32_BIT_CONVERSION = YES;
				GCC_WARN_ABOUT_RETURN_TYPE = YES_ERROR;
				GCC_WARN_UNDECLARED_SELECTOR = YES;
				GCC_WARN_UNINITIALIZED_AUTOS = YES_AGGRESSIVE;
				GCC_WARN_UNUSED_FUNCTION = YES;
				GCC_WARN_UNUSED_VARIABLE = YES;
				IPHONEOS_DEPLOYMENT_TARGET = 13.2;
				MTL_ENABLE_DEBUG_INFO = INCLUDE_SOURCE;
				MTL_FAST_MATH = YES;
				ONLY_ACTIVE_ARCH = YES;
				SDKROOT = iphoneos;
				SWIFT_ACTIVE_COMPILATION_CONDITIONS = DEBUG;
				SWIFT_OPTIMIZATION_LEVEL = "-Onone";
			};
			name = Debug;
		};
		AE4D58EB23F8087E00C66136 /* Release */ = {
			isa = XCBuildConfiguration;
			buildSettings = {
				ALWAYS_SEARCH_USER_PATHS = NO;
				CLANG_ANALYZER_NONNULL = YES;
				CLANG_ANALYZER_NUMBER_OBJECT_CONVERSION = YES_AGGRESSIVE;
				CLANG_CXX_LANGUAGE_STANDARD = "gnu++14";
				CLANG_CXX_LIBRARY = "libc++";
				CLANG_ENABLE_MODULES = YES;
				CLANG_ENABLE_OBJC_ARC = YES;
				CLANG_ENABLE_OBJC_WEAK = YES;
				CLANG_WARN_BLOCK_CAPTURE_AUTORELEASING = YES;
				CLANG_WARN_BOOL_CONVERSION = YES;
				CLANG_WARN_COMMA = YES;
				CLANG_WARN_CONSTANT_CONVERSION = YES;
				CLANG_WARN_DEPRECATED_OBJC_IMPLEMENTATIONS = YES;
				CLANG_WARN_DIRECT_OBJC_ISA_USAGE = YES_ERROR;
				CLANG_WARN_DOCUMENTATION_COMMENTS = YES;
				CLANG_WARN_EMPTY_BODY = YES;
				CLANG_WARN_ENUM_CONVERSION = YES;
				CLANG_WARN_INFINITE_RECURSION = YES;
				CLANG_WARN_INT_CONVERSION = YES;
				CLANG_WARN_NON_LITERAL_NULL_CONVERSION = YES;
				CLANG_WARN_OBJC_IMPLICIT_RETAIN_SELF = YES;
				CLANG_WARN_OBJC_LITERAL_CONVERSION = YES;
				CLANG_WARN_OBJC_ROOT_CLASS = YES_ERROR;
				CLANG_WARN_RANGE_LOOP_ANALYSIS = YES;
				CLANG_WARN_STRICT_PROTOTYPES = YES;
				CLANG_WARN_SUSPICIOUS_MOVE = YES;
				CLANG_WARN_UNGUARDED_AVAILABILITY = YES_AGGRESSIVE;
				CLANG_WARN_UNREACHABLE_CODE = YES;
				CLANG_WARN__DUPLICATE_METHOD_MATCH = YES;
				COPY_PHASE_STRIP = NO;
				DEBUG_INFORMATION_FORMAT = "dwarf-with-dsym";
				ENABLE_NS_ASSERTIONS = NO;
				ENABLE_STRICT_OBJC_MSGSEND = YES;
				GCC_C_LANGUAGE_STANDARD = gnu11;
				GCC_NO_COMMON_BLOCKS = YES;
				GCC_WARN_64_TO_32_BIT_CONVERSION = YES;
				GCC_WARN_ABOUT_RETURN_TYPE = YES_ERROR;
				GCC_WARN_UNDECLARED_SELECTOR = YES;
				GCC_WARN_UNINITIALIZED_AUTOS = YES_AGGRESSIVE;
				GCC_WARN_UNUSED_FUNCTION = YES;
				GCC_WARN_UNUSED_VARIABLE = YES;
				IPHONEOS_DEPLOYMENT_TARGET = 13.2;
				MTL_ENABLE_DEBUG_INFO = NO;
				MTL_FAST_MATH = YES;
				SDKROOT = iphoneos;
				SWIFT_COMPILATION_MODE = wholemodule;
				SWIFT_OPTIMIZATION_LEVEL = "-O";
				VALIDATE_PRODUCT = YES;
			};
			name = Release;
		};
		AE4D58ED23F8087E00C66136 /* Debug */ = {
			isa = XCBuildConfiguration;
			buildSettings = {
				ASSETCATALOG_COMPILER_APPICON_NAME = AppIcon;
				CODE_SIGN_STYLE = Automatic;
				DEVELOPMENT_ASSET_PATHS = "\"DialControl/Preview Content\"";
				DEVELOPMENT_TEAM = VEF5SEHVZ7;
				ENABLE_PREVIEWS = YES;
				INFOPLIST_FILE = DialControl/Info.plist;
				LD_RUNPATH_SEARCH_PATHS = (
					"$(inherited)",
					"@executable_path/Frameworks",
				);
				PRODUCT_BUNDLE_IDENTIFIER = com.SoftDesk.DialControl;
				PRODUCT_NAME = "$(TARGET_NAME)";
				SWIFT_VERSION = 5.0;
				TARGETED_DEVICE_FAMILY = "1,2";
			};
			name = Debug;
		};
		AE4D58EE23F8087E00C66136 /* Release */ = {
			isa = XCBuildConfiguration;
			buildSettings = {
				ASSETCATALOG_COMPILER_APPICON_NAME = AppIcon;
				CODE_SIGN_STYLE = Automatic;
				DEVELOPMENT_ASSET_PATHS = "\"DialControl/Preview Content\"";
				DEVELOPMENT_TEAM = VEF5SEHVZ7;
				ENABLE_PREVIEWS = YES;
				INFOPLIST_FILE = DialControl/Info.plist;
				LD_RUNPATH_SEARCH_PATHS = (
					"$(inherited)",
					"@executable_path/Frameworks",
				);
				PRODUCT_BUNDLE_IDENTIFIER = com.SoftDesk.DialControl;
				PRODUCT_NAME = "$(TARGET_NAME)";
				SWIFT_VERSION = 5.0;
				TARGETED_DEVICE_FAMILY = "1,2";
			};
			name = Release;
		};
		AE4D58F023F8087E00C66136 /* Debug */ = {
			isa = XCBuildConfiguration;
			buildSettings = {
				ALWAYS_EMBED_SWIFT_STANDARD_LIBRARIES = YES;
				BUNDLE_LOADER = "$(TEST_HOST)";
				CODE_SIGN_STYLE = Automatic;
				DEVELOPMENT_TEAM = VEF5SEHVZ7;
				INFOPLIST_FILE = DialControlTests/Info.plist;
				IPHONEOS_DEPLOYMENT_TARGET = 13.2;
				LD_RUNPATH_SEARCH_PATHS = (
					"$(inherited)",
					"@executable_path/Frameworks",
					"@loader_path/Frameworks",
				);
				PRODUCT_BUNDLE_IDENTIFIER = com.SoftDesk.DialControlTests;
				PRODUCT_NAME = "$(TARGET_NAME)";
				SWIFT_VERSION = 5.0;
				TARGETED_DEVICE_FAMILY = "1,2";
				TEST_HOST = "$(BUILT_PRODUCTS_DIR)/DialControl.app/DialControl";
			};
			name = Debug;
		};
		AE4D58F123F8087E00C66136 /* Release */ = {
			isa = XCBuildConfiguration;
			buildSettings = {
				ALWAYS_EMBED_SWIFT_STANDARD_LIBRARIES = YES;
				BUNDLE_LOADER = "$(TEST_HOST)";
				CODE_SIGN_STYLE = Automatic;
				DEVELOPMENT_TEAM = VEF5SEHVZ7;
				INFOPLIST_FILE = DialControlTests/Info.plist;
				IPHONEOS_DEPLOYMENT_TARGET = 13.2;
				LD_RUNPATH_SEARCH_PATHS = (
					"$(inherited)",
					"@executable_path/Frameworks",
					"@loader_path/Frameworks",
				);
				PRODUCT_BUNDLE_IDENTIFIER = com.SoftDesk.DialControlTests;
				PRODUCT_NAME = "$(TARGET_NAME)";
				SWIFT_VERSION = 5.0;
				TARGETED_DEVICE_FAMILY = "1,2";
				TEST_HOST = "$(BUILT_PRODUCTS_DIR)/DialControl.app/DialControl";
			};
			name = Release;
		};
		AE4D58F323F8087E00C66136 /* Debug */ = {
			isa = XCBuildConfiguration;
			buildSettings = {
				ALWAYS_EMBED_SWIFT_STANDARD_LIBRARIES = YES;
				CODE_SIGN_STYLE = Automatic;
				DEVELOPMENT_TEAM = VEF5SEHVZ7;
				INFOPLIST_FILE = DialControlUITests/Info.plist;
				LD_RUNPATH_SEARCH_PATHS = (
					"$(inherited)",
					"@executable_path/Frameworks",
					"@loader_path/Frameworks",
				);
				PRODUCT_BUNDLE_IDENTIFIER = com.SoftDesk.DialControlUITests;
				PRODUCT_NAME = "$(TARGET_NAME)";
				SWIFT_VERSION = 5.0;
				TARGETED_DEVICE_FAMILY = "1,2";
				TEST_TARGET_NAME = DialControl;
			};
			name = Debug;
		};
		AE4D58F423F8087E00C66136 /* Release */ = {
			isa = XCBuildConfiguration;
			buildSettings = {
				ALWAYS_EMBED_SWIFT_STANDARD_LIBRARIES = YES;
				CODE_SIGN_STYLE = Automatic;
				DEVELOPMENT_TEAM = VEF5SEHVZ7;
				INFOPLIST_FILE = DialControlUITests/Info.plist;
				LD_RUNPATH_SEARCH_PATHS = (
					"$(inherited)",
					"@executable_path/Frameworks",
					"@loader_path/Frameworks",
				);
				PRODUCT_BUNDLE_IDENTIFIER = com.SoftDesk.DialControlUITests;
				PRODUCT_NAME = "$(TARGET_NAME)";
				SWIFT_VERSION = 5.0;
				TARGETED_DEVICE_FAMILY = "1,2";
				TEST_TARGET_NAME = DialControl;
			};
			name = Release;
		};
/* End XCBuildConfiguration section */

/* Begin XCConfigurationList section */
		AE4D58BA23F8087B00C66136 /* Build configuration list for PBXProject "DialControl" */ = {
			isa = XCConfigurationList;
			buildConfigurations = (
				AE4D58EA23F8087E00C66136 /* Debug */,
				AE4D58EB23F8087E00C66136 /* Release */,
			);
			defaultConfigurationIsVisible = 0;
			defaultConfigurationName = Release;
		};
		AE4D58EC23F8087E00C66136 /* Build configuration list for PBXNativeTarget "DialControl" */ = {
			isa = XCConfigurationList;
			buildConfigurations = (
				AE4D58ED23F8087E00C66136 /* Debug */,
				AE4D58EE23F8087E00C66136 /* Release */,
			);
			defaultConfigurationIsVisible = 0;
			defaultConfigurationName = Release;
		};
		AE4D58EF23F8087E00C66136 /* Build configuration list for PBXNativeTarget "DialControlTests" */ = {
			isa = XCConfigurationList;
			buildConfigurations = (
				AE4D58F023F8087E00C66136 /* Debug */,
				AE4D58F123F8087E00C66136 /* Release */,
			);
			defaultConfigurationIsVisible = 0;
			defaultConfigurationName = Release;
		};
		AE4D58F223F8087E00C66136 /* Build configuration list for PBXNativeTarget "DialControlUITests" */ = {
			isa = XCConfigurationList;
			buildConfigurations = (
				AE4D58F323F8087E00C66136 /* Debug */,
				AE4D58F423F8087E00C66136 /* Release */,
			);
			defaultConfigurationIsVisible = 0;
			defaultConfigurationName = Release;
		};
/* End XCConfigurationList section */

/* Begin XCRemoteSwiftPackageReference section */
		AE1FBE542416608D005C54F5 /* XCRemoteSwiftPackageReference "TimelaneCombine" */ = {
			isa = XCRemoteSwiftPackageReference;
			repositoryURL = "https://github.com/icanzilb/TimelaneCombine";
			requirement = {
				kind = upToNextMajorVersion;
				minimumVersion = 1.0.2;
			};
		};
/* End XCRemoteSwiftPackageReference section */

/* Begin XCSwiftPackageProductDependency section */
		AE1FBE552416608D005C54F5 /* TimelaneCombine */ = {
			isa = XCSwiftPackageProductDependency;
			package = AE1FBE542416608D005C54F5 /* XCRemoteSwiftPackageReference "TimelaneCombine" */;
			productName = TimelaneCombine;
		};
/* End XCSwiftPackageProductDependency section */

/* Begin XCVersionGroup section */
		AE4D58C623F8087C00C66136 /* DialControl.xcdatamodeld */ = {
			isa = XCVersionGroup;
			children = (
				AE4D58C723F8087C00C66136 /* DialControl.xcdatamodel */,
			);
			currentVersion = AE4D58C723F8087C00C66136 /* DialControl.xcdatamodel */;
			path = DialControl.xcdatamodeld;
			sourceTree = "<group>";
			versionGroupType = wrapper.xcdatamodel;
		};
/* End XCVersionGroup section */
	};
	rootObject = AE4D58B723F8087B00C66136 /* Project object */;
}
